PODS:
  - MJExtension (3.4.1)
  - Reachability (3.2)
  - SKNetMintorLib (1.0.0):
    - MJExtension
    - Reachability

DEPENDENCIES:
  - SKNetMintorLib (from `../`)

SPEC REPOS:
  trunk:
    - MJExtension
    - Reachability

EXTERNAL SOURCES:
  SKNetMintorLib:
    :path: "../"

SPEC CHECKSUMS:
  MJExtension: 21c5f6f8c4d5d8844b7ae8fbae08fed0b501f961
  Reachability: 33e18b67625424e47b6cde6d202dce689ad7af96
  SKNetMintorLib: 41c6af2c4eeb372114fa06d942d5a95f83a83d91

PODFILE CHECKSUM: dcec51ee865097ffce83f6557ab7199a3be3044f

COCOAPODS: 1.11.2
